# This file is autogenerated, do not edit; changes may be undone by the next 'dep ensure'.


[[projects]]
  digest = "1:03d575fe8ee6ad5336b6c7c89230b16c79d3ec44abdb308e2e6d8a8bbe14069c"
  name = "github.com/DATA-DOG/go-sqlmock"
  packages = ["."]
  pruneopts = "UT"
  revision = "852fc940e4b9b895dc144b88ee8f6e39228127b0"

[[projects]]
  digest = "1:55388fd080150b9a072912f97b1f5891eb0b50df43401f8b75fb4273d3fec9fc"
  name = "github.com/Masterminds/semver"
  packages = ["."]
  pruneopts = "UT"
  revision = "c7af12943936e8c39859482e61f0574c2fd7fc75"
  version = "v1.4.2"

[[projects]]
  digest = "1:2aff5edb9bccd2974090fddb17ca7ab05a3f5c983db567c30c7f0b53404f5783"
  name = "github.com/ajg/form"
  packages = ["."]
  pruneopts = "UT"
  revision = "cc2954064ec9ea8d93917f0f87456e11d7b881ad"
  version = "v1.5"

[[projects]]
  branch = "master"
  digest = "1:a6250ed6436c1bdf3ddab98c53c1d6bea0c9761a3558bee7a936c76f12b7cba6"
  name = "github.com/cloudfoundry-community/go-cfclient"
  packages = ["."]
  pruneopts = "UT"
  revision = "d4bc455068cf68e431cfa7a953a8f2f50627a2db"

[[projects]]
  digest = "1:d5fa6328bd281ac91e7b5d3f45b49f8ac36c30b6a530f633d91c6eaef50cd137"
  name = "github.com/cloudfoundry-community/go-cfenv"
  packages = ["."]
  pruneopts = "UT"
  revision = "e84b5c116637ef174eb8c7d68a28bc7269b3b9cb"

[[projects]]
  branch = "master"
  digest = "1:ef4eaf0b9b15b3f5e5afaf6a52303c39d46a9c3b6d13d0d81e4b785002606692"
  name = "github.com/cloudfoundry/gofileutils"
  packages = ["fileutils"]
  pruneopts = "UT"
  revision = "4d0c80011a0f37da1711c184028bc40137cd45af"

[[projects]]
  digest = "1:f6e5e1bc64c2908167e6aa9a1fe0c084d515132a1c63ad5b6c84036aa06dc0c1"
  name = "github.com/coreos/go-oidc"
  packages = ["."]
  pruneopts = "UT"
  revision = "1180514eaf4d9f38d0d19eef639a1d695e066e72"

[[projects]]
  digest = "1:ffe9824d294da03b391f44e1ae8281281b4afc1bdaa9588c9097785e3af10cec"
  name = "github.com/davecgh/go-spew"
  packages = ["spew"]
  pruneopts = "UT"
  revision = "8991bc29aa16c548c550c7ff78260e27b9ab7c73"
  version = "v1.1.1"

[[projects]]
  digest = "1:ca82a3b99694824c627573c2a76d0e49719b4a9c02d1d85a2ac91f1c1f52ab9b"
  name = "github.com/fatih/structs"
  packages = ["."]
  pruneopts = "UT"
  revision = "a720dfa8df582c51dee1b36feabb906bde1588bd"
  version = "v1.0"

[[projects]]
  digest = "1:abeb38ade3f32a92943e5be54f55ed6d6e3b6602761d74b4aab4c9dd45c18abd"
  name = "github.com/fsnotify/fsnotify"
  packages = ["."]
  pruneopts = "UT"
  revision = "c2828203cd70a50dcccfb2761f8b1f8ceef9a8e9"
  version = "v1.4.7"

[[projects]]
  digest = "1:2d2a4b9fce4d0a808476e6388fc8ab4d43f1fe5da52fb3e9a088486cc745ed89"
  name = "github.com/gavv/httpexpect"
  packages = ["."]
  pruneopts = "UT"
  revision = "c44a6d7bb636b17e880a53998a7f7061a56ffacb"

[[projects]]
  branch = "master"
  digest = "1:fbc02c2b3b78e6bc30228f3bae582f1fcea74a050cbdbf42f24eff12bef8eab4"
  name = "github.com/gavv/monotime"
  packages = ["."]
  pruneopts = "UT"
  revision = "6f8212e8d10df7383609d3c377ca08884d8f3ec0"

[[projects]]
  digest = "1:d57cb1af013b165b6907abb4f844f9e751e37aa55f3c0156c60dd5028cf0a7c1"
  name = "github.com/gbrlsnchs/jwt"
  packages = ["."]
  pruneopts = "UT"
  revision = "fd3b16eda068e8d51d245b07019854d63dc4b591"
  version = "v0.5.0"

[[projects]]
  digest = "1:2cd7915ab26ede7d95b8749e6b1f933f1c6d5398030684e6505940a10f31cfda"
  name = "github.com/ghodss/yaml"
  packages = ["."]
  pruneopts = "UT"
  revision = "0ca9ea5df5451ffdf184b4428c902747c2c11cd7"
  version = "v1.0.0"

[[projects]]
  digest = "1:9ae31ce33b4bab257668963e844d98765b44160be4ee98cafc44637a213e530d"
  name = "github.com/gobwas/glob"
  packages = [
    ".",
    "compiler",
    "match",
    "syntax",
    "syntax/ast",
    "syntax/lexer",
    "util/runes",
    "util/strings",
  ]
  pruneopts = "UT"
  revision = "5ccd90ef52e1e632236f7326478d4faa74f99438"
  version = "v0.2.3"

[[projects]]
  digest = "1:26f2ad8a198a88c3605401186a6be538326e7fbf1f14cb3ef4e0027c4f755f2a"
  name = "github.com/gofrs/uuid"
  packages = ["."]
  pruneopts = "UT"
  revision = "d41eeda0759468834c84365a32d1b1ec4264c75f"
  version = "v3.1.0"

[[projects]]
  digest = "1:34e709f36fd4f868fb00dbaf8a6cab4c1ae685832d392874ba9d7c5dec2429d1"
  name = "github.com/gogo/protobuf"
  packages = [
    "proto",
    "sortkeys",
  ]
  pruneopts = "UT"
  revision = "636bf0302bc95575d69441b25a2603156ffdddf1"
  version = "v1.1.1"

[[projects]]
  digest = "1:d11309893a17c6f3d487c09d5be0cb6c023d05453558a6afbb17d44af2fded3b"
  name = "github.com/golang-migrate/migrate"
  packages = [
    ".",
    "database",
    "database/postgres",
    "source",
    "source/file",
  ]
  pruneopts = "UT"
  revision = "93d53a5ae84d81945eedadfe8f6865530d61d51c"
  version = "v3.5.1"

[[projects]]
  branch = "master"
  digest = "1:1ba1d79f2810270045c328ae5d674321db34e3aae468eb4233883b473c5c0467"
  name = "github.com/golang/glog"
  packages = ["."]
  pruneopts = "UT"
  revision = "23def4e6c14b4da8ac2ed8007337bc5eb5007998"

[[projects]]
  digest = "1:4c0989ca0bcd10799064318923b9bc2db6b4d6338dd75f3f2d86c3511aaaf5cf"
  name = "github.com/golang/protobuf"
  packages = [
    "proto",
    "ptypes",
    "ptypes/any",
    "ptypes/duration",
    "ptypes/timestamp",
  ]
  pruneopts = "UT"
  revision = "aa810b61a9c79d51363740d207bb46cf8e620ed5"
  version = "v1.2.0"

[[projects]]
  branch = "master"
  digest = "1:0bfbe13936953a98ae3cfe8ed6670d396ad81edf069a806d2f6515d7bb6950df"
  name = "github.com/google/btree"
  packages = ["."]
  pruneopts = "UT"
  revision = "4030bb1f1f0c35b30ca7009e9ebd06849dd45306"

[[projects]]
  digest = "1:a63cff6b5d8b95638bfe300385d93b2a6d9d687734b863da8e09dc834510a690"
  name = "github.com/google/go-querystring"
  packages = ["query"]
  pruneopts = "UT"
  revision = "44c6ddd0a2342c386950e880b658017258da92fc"
  version = "v1.0.0"

[[projects]]
  branch = "master"
  digest = "1:3ee90c0d94da31b442dde97c99635aaafec68d0b8a3c12ee2075c6bdabeec6bb"
  name = "github.com/google/gofuzz"
  packages = ["."]
  pruneopts = "UT"
  revision = "24818f796faf91cd76ec7bddd72458fbced7a6c1"

[[projects]]
  digest = "1:65c4414eeb350c47b8de71110150d0ea8a281835b1f386eacaa3ad7325929c21"
  name = "github.com/googleapis/gnostic"
  packages = [
    "OpenAPIv2",
    "compiler",
    "extensions",
  ]
  pruneopts = "UT"
  revision = "7c663266750e7d82587642f65e60bc4083f1f84e"
  version = "v0.2.0"

[[projects]]
  digest = "1:c79fb010be38a59d657c48c6ba1d003a8aa651fa56b579d959d74573b7dff8e1"
  name = "github.com/gorilla/context"
  packages = ["."]
  pruneopts = "UT"
  revision = "08b5f424b9271eedf6f9f0ce86cb9396ed337a42"
  version = "v1.1.1"

[[projects]]
  digest = "1:88aa9e326e2bd6045a46e00a922954b3e1a9ac5787109f49ac85366df370e1e5"
  name = "github.com/gorilla/mux"
  packages = ["."]
  pruneopts = "UT"
  revision = "53c1911da2b537f792e7cafcb446b05ffe33b996"
  version = "v1.6.1"

[[projects]]
  branch = "master"
  digest = "1:86c1210529e69d69860f2bb3ee9ccce0b595aa3f9165e7dd1388e5c612915888"
  name = "github.com/gregjones/httpcache"
  packages = [
    ".",
    "diskcache",
  ]
  pruneopts = "UT"
  revision = "9cad4c3443a7200dd6400aef47183728de563a38"

[[projects]]
  digest = "1:0ade334594e69404d80d9d323445d2297ff8161637f9b2d347cc6973d2d6f05b"
  name = "github.com/hashicorp/errwrap"
  packages = ["."]
  pruneopts = "UT"
  revision = "8a6fb523712970c966eefc6b39ed2c5e74880354"
  version = "v1.0.0"

[[projects]]
  digest = "1:f668349b83f7d779567c880550534addeca7ebadfdcf44b0b9c39be61864b4b7"
  name = "github.com/hashicorp/go-multierror"
  packages = ["."]
  pruneopts = "UT"
  revision = "886a7fbe3eb1c874d46f623bfa70af45f425b3d1"
  version = "v1.0.0"

[[projects]]
  digest = "1:c0d19ab64b32ce9fe5cf4ddceba78d5bc9807f0016db6b1183599da3dcc24d10"
  name = "github.com/hashicorp/hcl"
  packages = [
    ".",
    "hcl/ast",
    "hcl/parser",
    "hcl/printer",
    "hcl/scanner",
    "hcl/strconv",
    "hcl/token",
    "json/parser",
    "json/scanner",
    "json/token",
  ]
  pruneopts = "UT"
  revision = "8cb6e5b959231cc1119e43259c4a608f9c51a241"
  version = "v1.0.0"

[[projects]]
  digest = "1:a1038ef593beb4771c8f0f9c26e8b00410acd800af5c6864651d9bf160ea1813"
  name = "github.com/hpcloud/tail"
  packages = [
    ".",
    "ratelimiter",
    "util",
    "watch",
    "winfile",
  ]
  pruneopts = "UT"
  revision = "a30252cb686a21eb2d0b98132633053ec2f7f1e5"
  version = "v1.0.0"

[[projects]]
  digest = "1:a3ce4de79566c21e93cb6934797fdaa587ad3fc6a964708ab77babe54ea67188"
  name = "github.com/imkira/go-interpol"
  packages = ["."]
  pruneopts = "UT"
  revision = "5accad8134979a6ac504d456a6c7f1c53da237ca"
  version = "v1.1.0"

[[projects]]
  branch = "master"
  digest = "1:2d9070553bcb70bb6291792b445ed1572e63b9d6847238b0ff4bbe2697de0ffc"
  name = "github.com/jmoiron/sqlx"
  packages = [
    ".",
    "reflectx",
    "types",
  ]
  pruneopts = "UT"
  revision = "3a411660be52b3236199fbfe1919f515cfc1ca32"

[[projects]]
  digest = "1:3e551bbb3a7c0ab2a2bf4660e7fcad16db089fdcfbb44b0199e62838038623ea"
  name = "github.com/json-iterator/go"
  packages = ["."]
  pruneopts = "UT"
  revision = "1624edc4454b8682399def8740d46db5e4362ba4"
  version = "v1.1.5"

[[projects]]
  digest = "1:cdbed6a7b574b13bbabcd8c36c5be56d6444789bab21fcd37d39655eab0b2141"
  name = "github.com/klauspost/compress"
  packages = [
    "flate",
    "gzip",
    "zlib",
  ]
  pruneopts = "UT"
  revision = "b939724e787a27c0005cabe3f78e7ed7987ac74f"
  version = "v1.4.0"

[[projects]]
  digest = "1:4ea0668d490ca32a38366453a486e2e8c60fbdaf1f2607c96b4a093d8a5c8de7"
  name = "github.com/klauspost/cpuid"
  packages = ["."]
  pruneopts = "UT"
  revision = "ae7887de9fa5d2db4eaa8174a7eff2c1ac00f2da"
  version = "v1.1"

[[projects]]
  digest = "1:0a69a1c0db3591fcefb47f115b224592c8dfa4368b7ba9fae509d5e16cdc95c8"
  name = "github.com/konsorten/go-windows-terminal-sequences"
  packages = ["."]
  pruneopts = "UT"
  revision = "5c8c8bd35d3832f5d134ae1e1e375b69a4d25242"
  version = "v1.0.1"

[[projects]]
  digest = "1:2697e0abf69208c4e6fb92871a976e883de1ed3f39b89d1809ed0a489d6ed764"
  name = "github.com/kubernetes-incubator/service-catalog"
  packages = [
    "pkg/apis/servicecatalog",
    "pkg/apis/servicecatalog/v1beta1",
    "pkg/apis/settings",
    "pkg/apis/settings/v1alpha1",
    "pkg/client/clientset_generated/clientset",
    "pkg/client/clientset_generated/clientset/scheme",
    "pkg/client/clientset_generated/clientset/typed/servicecatalog/v1beta1",
    "pkg/client/clientset_generated/clientset/typed/settings/v1alpha1",
    "pkg/filter",
    "pkg/svcat/service-catalog",
  ]
  pruneopts = "UT"
  revision = "58b88f4d33cb708e4b22c39ccbe498b00738488e"
  version = "v0.1.36"

[[projects]]
  branch = "master"
  digest = "1:7cefc4f7f6a411c2598d3344563e4d23fd4e4d88fd1591831fe39cccff41ad28"
  name = "github.com/lib/pq"
  packages = [
    ".",
    "oid",
  ]
  pruneopts = "UT"
  revision = "9eb73efc1fcc404148b56765b0d3f61d9a5ef8ee"

[[projects]]
  digest = "1:c568d7727aa262c32bdf8a3f7db83614f7af0ed661474b24588de635c20024c7"
  name = "github.com/magiconair/properties"
  packages = ["."]
  pruneopts = "UT"
  revision = "c2353362d570a7bfa228149c62842019201cfb71"
  version = "v1.8.0"

[[projects]]
  digest = "1:53bc4cd4914cd7cd52139990d5170d6dc99067ae31c56530621b18b35fc30318"
  name = "github.com/mitchellh/mapstructure"
  packages = ["."]
  pruneopts = "UT"
  revision = "3536a929edddb9a5b34bd6861dc4a9647cb459fe"
  version = "v1.1.2"

[[projects]]
  digest = "1:33422d238f147d247752996a26574ac48dcf472976eda7f5134015f06bf16563"
  name = "github.com/modern-go/concurrent"
  packages = ["."]
  pruneopts = "UT"
  revision = "bacd9c7ef1dd9b15be4a9909b8ac7a4e313eec94"
  version = "1.0.3"

[[projects]]
  digest = "1:e32bdbdb7c377a07a9a46378290059822efdce5c8d96fe71940d87cb4f918855"
  name = "github.com/modern-go/reflect2"
  packages = ["."]
  pruneopts = "UT"
  revision = "4b7aa43c6742a2c18fdef89dd197aaae7dac7ccd"
  version = "1.0.1"

[[projects]]
  branch = "master"
  digest = "1:7aefb397a53fc437c90f0fdb3e1419c751c5a3a165ced52325d5d797edf1aca6"
  name = "github.com/moul/http2curl"
  packages = ["."]
  pruneopts = "UT"
  revision = "9ac6cf4d929b2fa8fd2d2e6dec5bb0feb4f4911d"

[[projects]]
  branch = "master"
  digest = "1:7b00688590bccf501dc8b1f43f5948a80bc72494c501d9c995abb68be1e766f2"
  name = "github.com/onrik/logrus"
  packages = ["filename"]
  pruneopts = "UT"
  revision = "c9849815bc7c2abf20d58e4bc06c242198ebb741"

[[projects]]
  digest = "1:f37a92358921891d53d5375ff7fa57739ba65d5b3c311d96a460609bfc1b4999"
  name = "github.com/onsi/ginkgo"
  packages = [
    ".",
    "config",
    "extensions/table",
    "internal/codelocation",
    "internal/containernode",
    "internal/failer",
    "internal/leafnodes",
    "internal/remote",
    "internal/spec",
    "internal/spec_iterator",
    "internal/specrunner",
    "internal/suite",
    "internal/testingtproxy",
    "internal/writer",
    "reporters",
    "reporters/stenographer",
    "reporters/stenographer/support/go-colorable",
    "reporters/stenographer/support/go-isatty",
    "types",
  ]
  pruneopts = "UT"
  revision = "3774a09d95489ccaa16032e0770d08ea77ba6184"
  version = "v1.6.0"

[[projects]]
  digest = "1:e42321c3ec0ff36c0644da60c2c1469886b214134286f4610199b704619e11a3"
  name = "github.com/onsi/gomega"
  packages = [
    ".",
    "format",
    "ghttp",
    "internal/assertion",
    "internal/asyncassertion",
    "internal/oraclematcher",
    "internal/testingtsupport",
    "matchers",
    "matchers/support/goraph/bipartitegraph",
    "matchers/support/goraph/edge",
    "matchers/support/goraph/node",
    "matchers/support/goraph/util",
    "types",
  ]
  pruneopts = "UT"
  revision = "003f63b7f4cff3fc95357005358af2de0f5fe152"
  version = "v1.3.0"

[[projects]]
  digest = "1:95741de3af260a92cc5c7f3f3061e85273f5a81b5db20d4bd68da74bd521675e"
  name = "github.com/pelletier/go-toml"
  packages = ["."]
  pruneopts = "UT"
  revision = "c01d1270ff3e442a8a57cddc1c92dc1138598194"
  version = "v1.2.0"

[[projects]]
  branch = "master"
  digest = "1:3bf17a6e6eaa6ad24152148a631d18662f7212e21637c2699bff3369b7f00fa2"
  name = "github.com/petar/GoLLRB"
  packages = ["llrb"]
  pruneopts = "UT"
  revision = "53be0d36a84c2a886ca057d34b6aa4468df9ccb4"

[[projects]]
  digest = "1:0e7775ebbcf00d8dd28ac663614af924411c868dca3d5aa762af0fae3808d852"
  name = "github.com/peterbourgon/diskv"
  packages = ["."]
  pruneopts = "UT"
  revision = "5f041e8faa004a95c88a202771f4cc3e991971e6"
  version = "v2.0.1"

[[projects]]
  digest = "1:40e195917a951a8bf867cd05de2a46aaf1806c50cf92eebf4c16f78cd196f747"
  name = "github.com/pkg/errors"
  packages = ["."]
  pruneopts = "UT"
  revision = "645ef00459ed84a119197bfb8d8205042c6df63d"
  version = "v0.8.0"

[[projects]]
  digest = "1:0028cb19b2e4c3112225cd871870f2d9cf49b9b4276531f03438a88e94be86fe"
  name = "github.com/pmezard/go-difflib"
  packages = ["difflib"]
  pruneopts = "UT"
  revision = "792786c7400a136282c1664665ae0a8db921c6c2"
  version = "v1.0.0"

[[projects]]
  digest = "1:8658f775ba5edb37ede96d8ec9eaecdfe06bc4aef1776152070185e6513dc0cc"
  name = "github.com/pmorie/go-open-service-broker-client"
  packages = ["v2"]
  pruneopts = "UT"
  revision = "dca737037ce636eb282e84e3a1c7479c9692e884"
  version = "0.0.10"

[[projects]]
  branch = "master"
  digest = "1:bd9efe4e0b0f768302a1e2f0c22458149278de533e521206e5ddc71848c269a0"
  name = "github.com/pquerna/cachecontrol"
  packages = [
    ".",
    "cacheobject",
  ]
  pruneopts = "UT"
  revision = "1555304b9b35fdd2b425bccf1a5613677705e7d0"

[[projects]]
  digest = "1:ed615c5430ecabbb0fb7629a182da65ecee6523900ac1ac932520860878ffcad"
  name = "github.com/robfig/cron"
  packages = ["."]
  pruneopts = "UT"
  revision = "b41be1df696709bb6395fe435af20370037c0b4c"
  version = "v1.1"

[[projects]]
  digest = "1:d917313f309bda80d27274d53985bc65651f81a5b66b820749ac7f8ef061fd04"
  name = "github.com/sergi/go-diff"
  packages = ["diffmatchpatch"]
  pruneopts = "UT"
  revision = "1744e2970ca51c86172c8190fadad617561ed6e7"
  version = "v1.0.0"

[[projects]]
  digest = "1:3f53e9e4dfbb664cd62940c9c4b65a2171c66acd0b7621a1a6b8e78513525a52"
  name = "github.com/sirupsen/logrus"
  packages = ["."]
  pruneopts = "UT"
  revision = "ad15b42461921f1fb3529b058c6786c6a45d5162"
  version = "v1.1.1"

[[projects]]
  digest = "1:6a4a11ba764a56d2758899ec6f3848d24698d48442ebce85ee7a3f63284526cd"
  name = "github.com/spf13/afero"
  packages = [
    ".",
    "mem",
  ]
  pruneopts = "UT"
  revision = "d40851caa0d747393da1ffb28f7f9d8b4eeffebd"
  version = "v1.1.2"

[[projects]]
  digest = "1:516e71bed754268937f57d4ecb190e01958452336fa73dbac880894164e91c1f"
  name = "github.com/spf13/cast"
  packages = ["."]
  pruneopts = "UT"
  revision = "8965335b8c7107321228e3e3702cab9832751bac"
  version = "v1.2.0"

[[projects]]
  digest = "1:68ea4e23713989dc20b1bded5d9da2c5f9be14ff9885beef481848edd18c26cb"
  name = "github.com/spf13/jwalterweatherman"
  packages = ["."]
  pruneopts = "UT"
  revision = "4a4406e478ca629068e7768fc33f3f044173c0a6"
  version = "v1.0.0"

[[projects]]
  digest = "1:9424f440bba8f7508b69414634aef3b2b3a877e522d8a4624692412805407bb7"
  name = "github.com/spf13/pflag"
  packages = ["."]
  pruneopts = "UT"
  revision = "583c0c0531f06d5278b7d917446061adc344b5cd"
  version = "v1.0.1"

[[projects]]
  digest = "1:59e7dceb53b4a1e57eb1eb0bf9951ff0c25912df7660004a789b62b4e8cdca3b"
  name = "github.com/spf13/viper"
  packages = ["."]
  pruneopts = "UT"
  revision = "b5e8006cbee93ec955a89ab31e0e3ce3204f3736"
  version = "v1.0.2"

[[projects]]
  digest = "1:c40d65817cdd41fac9aa7af8bed56927bb2d6d47e4fea566a74880f5c2b1c41e"
  name = "github.com/stretchr/testify"
  packages = [
    "assert",
    "require",
  ]
  pruneopts = "UT"
  revision = "f35b8ab0b5a2cef36673838d662e249dd9c94686"
  version = "v1.2.2"

[[projects]]
  digest = "1:2cab41f59638fdb77dda96ab4f9b5860ef30f48967557254eba127e43c756f2e"
  name = "github.com/tidwall/gjson"
  packages = ["."]
  pruneopts = "UT"
  revision = "1e3f6aeaa5bad08d777ea7807b279a07885dd8b2"
  version = "v1.1.3"

[[projects]]
  branch = "master"
  digest = "1:d3f968e2a2c9f8506ed44b01b605ade0176ba6cf73ff679073e77cfdef2c0d55"
  name = "github.com/tidwall/match"
  packages = ["."]
  pruneopts = "UT"
  revision = "1731857f09b1f38450e2c12409748407822dc6be"

[[projects]]
  digest = "1:f02f814d3bd902a74fe0ff80a8de777d5698a847a509a4b92bfaf11859251806"
  name = "github.com/tidwall/sjson"
  packages = ["."]
  pruneopts = "UT"
  revision = "48d34adceb39a5bd6ed7c12f38c78cd425436442"
  version = "v1.0.2"

[[projects]]
  digest = "1:c468422f334a6b46a19448ad59aaffdfc0a36b08fdcc1c749a0b29b6453d7e59"
  name = "github.com/valyala/bytebufferpool"
  packages = ["."]
  pruneopts = "UT"
  revision = "e746df99fe4a3986f4d4f79e13c1e0117ce9c2f7"
  version = "v1.0.0"

[[projects]]
  digest = "1:15ad8a80098fcc7a194b9db6b26d74072a852e4faa957848c8118193d3c69230"
  name = "github.com/valyala/fasthttp"
  packages = [
    ".",
    "fasthttputil",
    "stackless",
  ]
  pruneopts = "UT"
  revision = "e5f51c11919d4f66400334047b897ef0a94c6f3c"

[[projects]]
  branch = "master"
  digest = "1:f4e5276a3b356f4692107047fd2890f2fe534f4feeb6b1fd2f6dfbd87f1ccf54"
  name = "github.com/xeipuuv/gojsonpointer"
  packages = ["."]
  pruneopts = "UT"
  revision = "4e3ac2762d5f479393488629ee9370b50873b3a6"

[[projects]]
  branch = "master"
  digest = "1:dc6a6c28ca45d38cfce9f7cb61681ee38c5b99ec1425339bfc1e1a7ba769c807"
  name = "github.com/xeipuuv/gojsonreference"
  packages = ["."]
  pruneopts = "UT"
  revision = "bd5ef7bd5415a7ac448318e64f11a24cd21e594b"

[[projects]]
  digest = "1:41bd4de0a27c0b7affef4083bc8f86501b4c7d891f95809a0fb758a23eb5e78f"
  name = "github.com/xeipuuv/gojsonschema"
  packages = ["."]
  pruneopts = "UT"
  revision = "da425ebb7609ba06a0f395fc8a254d1c303364a0"
  version = "v1.0"

[[projects]]
  branch = "master"
  digest = "1:ac3d942a027d57fbfc5c13791cfaaa4b30729674fea88f2e03190b777c2b674e"
  name = "github.com/yalp/jsonpath"
  packages = ["."]
  pruneopts = "UT"
  revision = "5cc68e5049a040829faef3a44c00ec4332f6dec7"

[[projects]]
  digest = "1:52ccbcf36804b0beb5677a8994bd4ac740b71d1d6fe38c02b113dabdda51bf6d"
  name = "github.com/yudai/gojsondiff"
  packages = [
    ".",
    "formatter",
  ]
  pruneopts = "UT"
  revision = "7b1b7adf999dab73a6eb02669c3d82dbb27a3dd6"
  version = "1.0.0"

[[projects]]
  branch = "master"
  digest = "1:0d4822d3440c9b5992704bb357061fff7ab60daa85d92dec02b81b78e4908db7"
  name = "github.com/yudai/golcs"
  packages = ["."]
  pruneopts = "UT"
  revision = "ecda9a501e8220fae3b4b600c3db4b0ba22cfc68"

[[projects]]
  branch = "master"
  digest = "1:8e241498e35f550e5192ee6b1f6ff2c0a7ffe81feff9541d297facffe1383979"
  name = "golang.org/x/crypto"
  packages = [
    "ed25519",
    "ed25519/internal/edwards25519",
    "pbkdf2",
    "ssh/terminal",
  ]
  pruneopts = "UT"
  revision = "0c41d7ab0a0ee717d4590a44bcb987dfd9e183eb"

[[projects]]
  branch = "master"
  digest = "1:df98b70ade4a77c7e47c5fbe7ed0d814655554fede456a2f65aede66cf2a33d2"
  name = "golang.org/x/net"
  packages = [
    "context",
    "context/ctxhttp",
    "html",
    "html/atom",
    "html/charset",
    "http/httpguts",
    "http2",
    "http2/hpack",
    "idna",
    "publicsuffix",
  ]
  pruneopts = "UT"
  revision = "04a2e542c03f1d053ab3e4d6e5abcd4b66e2be8e"

[[projects]]
  branch = "master"
  digest = "1:3f224b12f04060f6098b22819c35ace3b0d91c9c65850dedf3223ed095212351"
  name = "golang.org/x/oauth2"
  packages = [
    ".",
    "clientcredentials",
    "internal",
  ]
  pruneopts = "UT"
  revision = "9dcd33a902f40452422c2367fefcb95b54f9f8f8"

[[projects]]
  branch = "master"
  digest = "1:f5aa274a0377f85735edc7fedfb0811d3cbc20af91633797cb359e29c3272271"
  name = "golang.org/x/sys"
  packages = [
    "unix",
    "windows",
  ]
  pruneopts = "UT"
  revision = "fa43e7bc11baaae89f3f902b2b4d832b68234844"

[[projects]]
  digest = "1:436b24586f8fee329e0dd65fd67c817681420cda1d7f934345c13fe78c212a73"
  name = "golang.org/x/text"
  packages = [
    "collate",
    "collate/build",
    "encoding",
    "encoding/charmap",
    "encoding/htmlindex",
    "encoding/internal",
    "encoding/internal/identifier",
    "encoding/japanese",
    "encoding/korean",
    "encoding/simplifiedchinese",
    "encoding/traditionalchinese",
    "encoding/unicode",
    "internal/colltab",
    "internal/gen",
    "internal/tag",
    "internal/triegen",
    "internal/ucd",
    "internal/utf8internal",
    "language",
    "runes",
    "secure/bidirule",
    "transform",
    "unicode/bidi",
    "unicode/cldr",
    "unicode/norm",
    "unicode/rangetable",
  ]
  pruneopts = "UT"
  revision = "f21a4dfb5e38f5895301dc265a8def02365cc3d0"
  version = "v0.3.0"

[[projects]]
  branch = "master"
  digest = "1:c9e7a4b4d47c0ed205d257648b0e5b0440880cb728506e318f8ac7cd36270bc4"
  name = "golang.org/x/time"
  packages = ["rate"]
  pruneopts = "UT"
  revision = "fbb02b2291d28baffd63558aa44b4b56f178d650"

[[projects]]
  digest = "1:6247f76e55a1e1a5c19a81e2d4b4dff6730461eeb5bbb0a16dd4a8ec8637ee93"
  name = "google.golang.org/appengine"
  packages = [
    "internal",
    "internal/base",
    "internal/datastore",
    "internal/log",
    "internal/remote_api",
    "internal/urlfetch",
    "urlfetch",
  ]
  pruneopts = "UT"
  revision = "ae0ab99deb4dc413a2b4bd6c8bdd0eb67f1e4d06"
  version = "v1.2.0"

[[projects]]
  digest = "1:abeb38ade3f32a92943e5be54f55ed6d6e3b6602761d74b4aab4c9dd45c18abd"
  name = "gopkg.in/fsnotify.v1"
  packages = ["."]
  pruneopts = "UT"
  revision = "c2828203cd70a50dcccfb2761f8b1f8ceef9a8e9"
  source = "https://github.com/fsnotify/fsnotify.git"
  version = "v1.4.7"

[[projects]]
  digest = "1:2d1fbdc6777e5408cabeb02bf336305e724b925ff4546ded0fa8715a7267922a"
  name = "gopkg.in/inf.v0"
  packages = ["."]
  pruneopts = "UT"
  revision = "d2d2541c53f18d2a059457998ce2876cc8e67cbf"
  version = "v0.9.1"

[[projects]]
  digest = "1:26a278a34e30cc8fbd09d5f7474488ac4cbad325c2b592b30e76e5d7d2fc1f10"
  name = "gopkg.in/square/go-jose.v2"
  packages = [
    ".",
    "cipher",
    "json",
  ]
  pruneopts = "UT"
  revision = "ef984e69dd356202fd4e4910d4d9c24468bdf0b8"
  version = "v2.1.9"

[[projects]]
  branch = "v1"
  digest = "1:0caa92e17bc0b65a98c63e5bc76a9e844cd5e56493f8fdbb28fad101a16254d9"
  name = "gopkg.in/tomb.v1"
  packages = ["."]
  pruneopts = "UT"
  revision = "dd632973f1e7218eb1089048e0798ec9ae7dceb8"

[[projects]]
  branch = "v2"
  digest = "1:342378ac4dcb378a5448dd723f0784ae519383532f5e70ade24132c4c8693202"
  name = "gopkg.in/yaml.v2"
  packages = ["."]
  pruneopts = "UT"
  revision = "5420a8b6744d3b0345ab293f6fcba19c978f1183"

[[projects]]
  branch = "master"
  digest = "1:563d1dee8245e168278d7c16bcd1ced84ddc74cb3644cd8713f5c82ef211a3c6"
  name = "k8s.io/api"
  packages = [
    "admissionregistration/v1alpha1",
    "admissionregistration/v1beta1",
    "apps/v1",
    "apps/v1beta1",
    "apps/v1beta2",
    "authentication/v1",
    "authentication/v1beta1",
    "authorization/v1",
    "authorization/v1beta1",
    "autoscaling/v1",
    "autoscaling/v2beta1",
    "autoscaling/v2beta2",
    "batch/v1",
    "batch/v1beta1",
    "batch/v2alpha1",
    "certificates/v1beta1",
    "coordination/v1beta1",
    "core/v1",
    "events/v1beta1",
    "extensions/v1beta1",
    "networking/v1",
    "policy/v1beta1",
    "rbac/v1",
    "rbac/v1alpha1",
    "rbac/v1beta1",
    "scheduling/v1alpha1",
    "scheduling/v1beta1",
    "settings/v1alpha1",
    "storage/v1",
    "storage/v1alpha1",
    "storage/v1beta1",
  ]
  pruneopts = "UT"
  revision = "843ad2d9b9ae703c74f2f43959e6ce0b24cc3185"

[[projects]]
  branch = "master"
  digest = "1:a5bdd14ed3d3a9bfc59a2304f08e361e7464bf1ca7dc51c9ace13d315ceedd1c"
  name = "k8s.io/apimachinery"
  packages = [
    "pkg/api/errors",
    "pkg/api/meta",
    "pkg/api/resource",
    "pkg/apis/meta/v1",
    "pkg/apis/meta/v1/unstructured",
    "pkg/apis/meta/v1beta1",
    "pkg/conversion",
    "pkg/conversion/queryparams",
    "pkg/fields",
    "pkg/labels",
    "pkg/runtime",
    "pkg/runtime/schema",
    "pkg/runtime/serializer",
    "pkg/runtime/serializer/json",
    "pkg/runtime/serializer/protobuf",
    "pkg/runtime/serializer/recognizer",
    "pkg/runtime/serializer/streaming",
    "pkg/runtime/serializer/versioning",
    "pkg/selection",
    "pkg/types",
    "pkg/util/clock",
    "pkg/util/errors",
    "pkg/util/framer",
    "pkg/util/intstr",
    "pkg/util/json",
    "pkg/util/naming",
    "pkg/util/net",
    "pkg/util/runtime",
    "pkg/util/sets",
    "pkg/util/validation",
    "pkg/util/validation/field",
    "pkg/util/wait",
    "pkg/util/yaml",
    "pkg/version",
    "pkg/watch",
    "third_party/forked/golang/reflect",
  ]
  pruneopts = "UT"
  revision = "60666be32c5de527b69dabe8e4400b4f0aa897de"

[[projects]]
  digest = "1:8cb007446244cc189828c52199986a7122d8ad7a5ebec61028dcaaf71312c838"
  name = "k8s.io/client-go"
  packages = [
    "discovery",
    "kubernetes",
    "kubernetes/scheme",
    "kubernetes/typed/admissionregistration/v1alpha1",
    "kubernetes/typed/admissionregistration/v1beta1",
    "kubernetes/typed/apps/v1",
    "kubernetes/typed/apps/v1beta1",
    "kubernetes/typed/apps/v1beta2",
    "kubernetes/typed/authentication/v1",
    "kubernetes/typed/authentication/v1beta1",
    "kubernetes/typed/authorization/v1",
    "kubernetes/typed/authorization/v1beta1",
    "kubernetes/typed/autoscaling/v1",
    "kubernetes/typed/autoscaling/v2beta1",
    "kubernetes/typed/autoscaling/v2beta2",
    "kubernetes/typed/batch/v1",
    "kubernetes/typed/batch/v1beta1",
    "kubernetes/typed/batch/v2alpha1",
    "kubernetes/typed/certificates/v1beta1",
    "kubernetes/typed/coordination/v1beta1",
    "kubernetes/typed/core/v1",
    "kubernetes/typed/events/v1beta1",
    "kubernetes/typed/extensions/v1beta1",
    "kubernetes/typed/networking/v1",
    "kubernetes/typed/policy/v1beta1",
    "kubernetes/typed/rbac/v1",
    "kubernetes/typed/rbac/v1alpha1",
    "kubernetes/typed/rbac/v1beta1",
    "kubernetes/typed/scheduling/v1alpha1",
    "kubernetes/typed/scheduling/v1beta1",
    "kubernetes/typed/settings/v1alpha1",
    "kubernetes/typed/storage/v1",
    "kubernetes/typed/storage/v1alpha1",
    "kubernetes/typed/storage/v1beta1",
    "pkg/apis/clientauthentication",
    "pkg/apis/clientauthentication/v1alpha1",
    "pkg/apis/clientauthentication/v1beta1",
    "pkg/version",
    "plugin/pkg/client/auth/exec",
    "rest",
    "rest/watch",
    "tools/clientcmd/api",
    "tools/metrics",
    "tools/reference",
    "transport",
    "util/cert",
    "util/connrotation",
    "util/flowcontrol",
    "util/integer",
  ]
  pruneopts = "UT"
  revision = "1638f8970cefaa404ff3a62950f88b08292b2696"
  version = "v9.0.0"

[solve-meta]
  analyzer-name = "dep"
  analyzer-version = 1
  input-imports = [
    "github.com/DATA-DOG/go-sqlmock",
    "github.com/cloudfoundry-community/go-cfclient",
    "github.com/cloudfoundry-community/go-cfenv",
    "github.com/coreos/go-oidc",
    "github.com/fatih/structs",
    "github.com/gavv/httpexpect",
    "github.com/gbrlsnchs/jwt",
    "github.com/gobwas/glob",
    "github.com/gofrs/uuid",
    "github.com/golang-migrate/migrate",
    "github.com/golang-migrate/migrate/database/postgres",
    "github.com/golang-migrate/migrate/source/file",
    "github.com/gorilla/mux",
    "github.com/jmoiron/sqlx",
    "github.com/jmoiron/sqlx/types",
    "github.com/kubernetes-incubator/service-catalog/pkg/apis/servicecatalog/v1beta1",
    "github.com/kubernetes-incubator/service-catalog/pkg/client/clientset_generated/clientset",
    "github.com/kubernetes-incubator/service-catalog/pkg/svcat/service-catalog",
    "github.com/lib/pq",
    "github.com/mitchellh/mapstructure",
    "github.com/onrik/logrus/filename",
    "github.com/onsi/ginkgo",
    "github.com/onsi/ginkgo/extensions/table",
    "github.com/onsi/gomega",
    "github.com/onsi/gomega/ghttp",
    "github.com/pkg/errors",
    "github.com/pmorie/go-open-service-broker-client/v2",
    "github.com/robfig/cron",
    "github.com/sirupsen/logrus",
    "github.com/spf13/cast",
    "github.com/spf13/pflag",
    "github.com/spf13/viper",
    "github.com/tidwall/sjson",
    "gopkg.in/yaml.v2",
    "k8s.io/apimachinery/pkg/apis/meta/v1",
    "k8s.io/client-go/kubernetes",
    "k8s.io/client-go/rest",
  ]
  solver-name = "gps-cdcl"
  solver-version = 1
